
Microsoft Visual Studio Solution File, Format Version 12.00
# Visual Studio Version 17
VisualStudioVersion = 17.2.32526.322
MinimumVisualStudioVersion = 10.0.40219.1
Project("{9A19103F-16F7-4668-BE54-9A1E7A4F7556}") = "BasicWebApi", "BasicWebApi.csproj", "{79CF079C-5ED6-4FF3-97C3-48C7D94EE179}"
EndProject
Project("{9A19103F-16F7-4668-BE54-9A1E7A4F7556}") = "BasicWebApi.DataAccess", "..\BasicWebApi.DataAccess\BasicWebApi.DataAccess.csproj", "{A38327D7-395F-4564-A850-BA9736A6D75B}"
EndProject
Project("{9A19103F-16F7-4668-BE54-9A1E7A4F7556}") = "BasicWebApi.Domain", "..\BasicWebApi.Domain\BasicWebApi.Domain.csproj", "{6E76981E-48C8-48B5-BB93-3B67F0DBEF0F}"
EndProject
Project("{9A19103F-16F7-4668-BE54-9A1E7A4F7556}") = "BasicWebApi.Services", "..\BasicWebApi.Services\BasicWebApi.Services.csproj", "{0EF6D197-7401-43EF-8E1D-B566AD3B5298}"
EndProject
Project("{9A19103F-16F7-4668-BE54-9A1E7A4F7556}") = "BasicWebApi.Mappers", "..\BasicWebApi.Mappers\BasicWebApi.Mappers.csproj", "{1DDCBDDF-0943-426B-AFB4-4888B6F2E4F2}"
EndProject
Global
	GlobalSection(SolutionConfigurationPlatforms) = preSolution
		Debug|Any CPU = Debug|Any CPU
		Release|Any CPU = Release|Any CPU
	EndGlobalSection
	GlobalSection(ProjectConfigurationPlatforms) = postSolution
		{79CF079C-5ED6-4FF3-97C3-48C7D94EE179}.Debug|Any CPU.ActiveCfg = Debug|Any CPU
		{79CF079C-5ED6-4FF3-97C3-48C7D94EE179}.Debug|Any CPU.Build.0 = Debug|Any CPU
		{79CF079C-5ED6-4FF3-97C3-48C7D94EE179}.Release|Any CPU.ActiveCfg = Release|Any CPU
		{79CF079C-5ED6-4FF3-97C3-48C7D94EE179}.Release|Any CPU.Build.0 = Release|Any CPU
		{A38327D7-395F-4564-A850-BA9736A6D75B}.Debug|Any CPU.ActiveCfg = Debug|Any CPU
		{A38327D7-395F-4564-A850-BA9736A6D75B}.Debug|Any CPU.Build.0 = Debug|Any CPU
		{A38327D7-395F-4564-A850-BA9736A6D75B}.Release|Any CPU.ActiveCfg = Release|Any CPU
		{A38327D7-395F-4564-A850-BA9736A6D75B}.Release|Any CPU.Build.0 = Release|Any CPU
		{6E76981E-48C8-48B5-BB93-3B67F0DBEF0F}.Debug|Any CPU.ActiveCfg = Debug|Any CPU
		{6E76981E-48C8-48B5-BB93-3B67F0DBEF0F}.Debug|Any CPU.Build.0 = Debug|Any CPU
		{6E76981E-48C8-48B5-BB93-3B67F0DBEF0F}.Release|Any CPU.ActiveCfg = Release|Any CPU
		{6E76981E-48C8-48B5-BB93-3B67F0DBEF0F}.Release|Any CPU.Build.0 = Release|Any CPU
		{0EF6D197-7401-43EF-8E1D-B566AD3B5298}.Debug|Any CPU.ActiveCfg = Debug|Any CPU
		{0EF6D197-7401-43EF-8E1D-B566AD3B5298}.Debug|Any CPU.Build.0 = Debug|Any CPU
		{0EF6D197-7401-43EF-8E1D-B566AD3B5298}.Release|Any CPU.ActiveCfg = Release|Any CPU
		{0EF6D197-7401-43EF-8E1D-B566AD3B5298}.Release|Any CPU.Build.0 = Release|Any CPU
		{1DDCBDDF-0943-426B-AFB4-4888B6F2E4F2}.Debug|Any CPU.ActiveCfg = Debug|Any CPU
		{1DDCBDDF-0943-426B-AFB4-4888B6F2E4F2}.Debug|Any CPU.Build.0 = Debug|Any CPU
		{1DDCBDDF-0943-426B-AFB4-4888B6F2E4F2}.Release|Any CPU.ActiveCfg = Release|Any CPU
		{1DDCBDDF-0943-426B-AFB4-4888B6F2E4F2}.Release|Any CPU.Build.0 = Release|Any CPU
	EndGlobalSection
	GlobalSection(SolutionProperties) = preSolution
		HideSolutionNode = FALSE
	EndGlobalSection
	GlobalSection(ExtensibilityGlobals) = postSolution
		SolutionGuid = {FB58C9AF-B069-4BEA-B183-9015426C7809}
	EndGlobalSection
EndGlobal
